
Microsoft Visual Studio Solution File, Format Version 12.00
# Visual Studio Version 17
VisualStudioVersion = 17.4.33213.308
MinimumVisualStudioVersion = 10.0.40219.1
Project("{FAE04EC0-301F-11D3-BF4B-00C04F79EFBC}") = "WebAPI", "WebAPI\WebAPI.csproj", "{EC48BEF6-13AE-44EE-88EE-FF3EC959F842}"
EndProject
Global
	GlobalSection(SolutionConfigurationPlatforms) = preSolution
		Debug|Any CPU = Debug|Any CPU
		Release|Any CPU = Release|Any CPU
	EndGlobalSection
	GlobalSection(ProjectConfigurationPlatforms) = postSolution
		{EC48BEF6-13AE-44EE-88EE-FF3EC959F842}.Debug|Any CPU.ActiveCfg = Debug|Any CPU
		{EC48BEF6-13AE-44EE-88EE-FF3EC959F842}.Debug|Any CPU.Build.0 = Debug|Any CPU
		{EC48BEF6-13AE-44EE-88EE-FF3EC959F842}.Release|Any CPU.ActiveCfg = Release|Any CPU
		{EC48BEF6-13AE-44EE-88EE-FF3EC959F842}.Release|Any CPU.Build.0 = Release|Any CPU
	EndGlobalSection
	GlobalSection(SolutionProperties) = preSolution
		HideSolutionNode = FALSE
	EndGlobalSection
	GlobalSection(ExtensibilityGlobals) = postSolution
		SolutionGuid = {68699275-0823-46E8-80FE-BE9A68B87EB6}
	EndGlobalSection
EndGlobal
